
Microsoft Visual Studio Solution File, Format Version 12.00
# Visual Studio Version 16
VisualStudioVersion = 16.0.29102.190
MinimumVisualStudioVersion = 10.0.40219.1
Project("{FAE04EC0-301F-11D3-BF4B-00C04F79EFBC}") = "ConsoleApp1", "ConsoleApp1\ConsoleApp1.csproj", "{BEF9B8BA-9BD2-47C4-9534-AC7B1F764D9F}"
EndProject
Global
	GlobalSection(SolutionConfigurationPlatforms) = preSolution
		Debug|Any CPU = Debug|Any CPU
		Release|Any CPU = Release|Any CPU
	EndGlobalSection
	GlobalSection(ProjectConfigurationPlatforms) = postSolution
		{BEF9B8BA-9BD2-47C4-9534-AC7B1F764D9F}.Debug|Any CPU.ActiveCfg = Debug|Any CPU
		{BEF9B8BA-9BD2-47C4-9534-AC7B1F764D9F}.Debug|Any CPU.Build.0 = Debug|Any CPU
		{BEF9B8BA-9BD2-47C4-9534-AC7B1F764D9F}.Release|Any CPU.ActiveCfg = Release|Any CPU
		{BEF9B8BA-9BD2-47C4-9534-AC7B1F764D9F}.Release|Any CPU.Build.0 = Release|Any CPU
	EndGlobalSection
	GlobalSection(SolutionProperties) = preSolution
		HideSolutionNode = FALSE
	EndGlobalSection
	GlobalSection(ExtensibilityGlobals) = postSolution
		SolutionGuid = {11C12591-D328-40C5-9CDE-5823B3A6E67B}
	EndGlobalSection
EndGlobal
